
Microsoft Visual Studio Solution File, Format Version 12.00
# Visual Studio 14
VisualStudioVersion = 14.0.25420.1
MinimumVisualStudioVersion = 10.0.40219.1
Project("{2150E333-8FDC-42A3-9474-1A3956D46DE8}") = "src", "src", "{115586B5-B2D8-4061-A0B7-9BA430B1BD71}"
EndProject
Project("{2150E333-8FDC-42A3-9474-1A3956D46DE8}") = "Solution Items", "Solution Items", "{84240931-D216-4A67-BB1F-778C7F122C8B}"
	ProjectSection(SolutionItems) = preProject
		global.json = global.json
	EndProjectSection
EndProject
Project("{8BB2217D-0F2D-49D1-97BC-3654ED321F3B}") = "OrderedJobs.Web", "src\OrderedJobs\OrderedJobs.Web.xproj", "{E2E0D40F-0ABF-4BB8-9F57-5DBAD4096A87}"
EndProject
Project("{2150E333-8FDC-42A3-9474-1A3956D46DE8}") = "test", "test", "{9230271C-7DB5-4CBA-9A90-C77400D7EFB6}"
EndProject
Project("{8BB2217D-0F2D-49D1-97BC-3654ED321F3B}") = "OrderedJobs.Test", "OrderedJobs.Test\OrderedJobs.Test.xproj", "{3CFD4F0E-7DFD-4532-A1DD-1DD91784D86F}"
EndProject
Project("{8BB2217D-0F2D-49D1-97BC-3654ED321F3B}") = "OrderedJobs.Acceptance.Test", "OrderedJobs.Acceptance.Test\OrderedJobs.Acceptance.Test.xproj", "{D2FA09B4-4ED0-4A1A-94BF-9ACA52E9EC31}"
EndProject
Project("{8BB2217D-0F2D-49D1-97BC-3654ED321F3B}") = "OrderedJobs.Domain", "src\OrderedJobs.Domain\OrderedJobs.Domain.xproj", "{0A625B46-F1E6-4916-AB32-0AB287900959}"
EndProject
Project("{8BB2217D-0F2D-49D1-97BC-3654ED321F3B}") = "OrderedJobs.Data", "src\OrderedJobs.Data\OrderedJobs.Data.xproj", "{12B2D87D-6FF7-43F9-98D3-51068F1F287D}"
EndProject
Global
	GlobalSection(SolutionConfigurationPlatforms) = preSolution
		Debug|Any CPU = Debug|Any CPU
		Release|Any CPU = Release|Any CPU
	EndGlobalSection
	GlobalSection(ProjectConfigurationPlatforms) = postSolution
		{E2E0D40F-0ABF-4BB8-9F57-5DBAD4096A87}.Debug|Any CPU.ActiveCfg = Debug|Any CPU
		{E2E0D40F-0ABF-4BB8-9F57-5DBAD4096A87}.Debug|Any CPU.Build.0 = Debug|Any CPU
		{E2E0D40F-0ABF-4BB8-9F57-5DBAD4096A87}.Release|Any CPU.ActiveCfg = Release|Any CPU
		{E2E0D40F-0ABF-4BB8-9F57-5DBAD4096A87}.Release|Any CPU.Build.0 = Release|Any CPU
		{3CFD4F0E-7DFD-4532-A1DD-1DD91784D86F}.Debug|Any CPU.ActiveCfg = Debug|Any CPU
		{3CFD4F0E-7DFD-4532-A1DD-1DD91784D86F}.Debug|Any CPU.Build.0 = Debug|Any CPU
		{3CFD4F0E-7DFD-4532-A1DD-1DD91784D86F}.Release|Any CPU.ActiveCfg = Release|Any CPU
		{3CFD4F0E-7DFD-4532-A1DD-1DD91784D86F}.Release|Any CPU.Build.0 = Release|Any CPU
		{D2FA09B4-4ED0-4A1A-94BF-9ACA52E9EC31}.Debug|Any CPU.ActiveCfg = Debug|Any CPU
		{D2FA09B4-4ED0-4A1A-94BF-9ACA52E9EC31}.Debug|Any CPU.Build.0 = Debug|Any CPU
		{D2FA09B4-4ED0-4A1A-94BF-9ACA52E9EC31}.Release|Any CPU.ActiveCfg = Release|Any CPU
		{D2FA09B4-4ED0-4A1A-94BF-9ACA52E9EC31}.Release|Any CPU.Build.0 = Release|Any CPU
		{0A625B46-F1E6-4916-AB32-0AB287900959}.Debug|Any CPU.ActiveCfg = Debug|Any CPU
		{0A625B46-F1E6-4916-AB32-0AB287900959}.Debug|Any CPU.Build.0 = Debug|Any CPU
		{0A625B46-F1E6-4916-AB32-0AB287900959}.Release|Any CPU.ActiveCfg = Release|Any CPU
		{0A625B46-F1E6-4916-AB32-0AB287900959}.Release|Any CPU.Build.0 = Release|Any CPU
		{12B2D87D-6FF7-43F9-98D3-51068F1F287D}.Debug|Any CPU.ActiveCfg = Debug|Any CPU
		{12B2D87D-6FF7-43F9-98D3-51068F1F287D}.Debug|Any CPU.Build.0 = Debug|Any CPU
		{12B2D87D-6FF7-43F9-98D3-51068F1F287D}.Release|Any CPU.ActiveCfg = Release|Any CPU
		{12B2D87D-6FF7-43F9-98D3-51068F1F287D}.Release|Any CPU.Build.0 = Release|Any CPU
	EndGlobalSection
	GlobalSection(SolutionProperties) = preSolution
		HideSolutionNode = FALSE
	EndGlobalSection
	GlobalSection(NestedProjects) = preSolution
		{E2E0D40F-0ABF-4BB8-9F57-5DBAD4096A87} = {115586B5-B2D8-4061-A0B7-9BA430B1BD71}
		{3CFD4F0E-7DFD-4532-A1DD-1DD91784D86F} = {9230271C-7DB5-4CBA-9A90-C77400D7EFB6}
		{D2FA09B4-4ED0-4A1A-94BF-9ACA52E9EC31} = {9230271C-7DB5-4CBA-9A90-C77400D7EFB6}
		{0A625B46-F1E6-4916-AB32-0AB287900959} = {115586B5-B2D8-4061-A0B7-9BA430B1BD71}
		{12B2D87D-6FF7-43F9-98D3-51068F1F287D} = {115586B5-B2D8-4061-A0B7-9BA430B1BD71}
	EndGlobalSection
EndGlobal
